
Microsoft Visual Studio Solution File, Format Version 12.00
# Visual Studio Version 16
VisualStudioVersion = 16.0.30907.101
MinimumVisualStudioVersion = 10.0.40219.1
Project("{2150E333-8FDC-42A3-9474-1A3956D46DE8}") = "src", "src", "{B722BF73-7CE5-4608-9487-64E9077150FA}"
EndProject
Project("{2150E333-8FDC-42A3-9474-1A3956D46DE8}") = "test", "test", "{DB88713F-1950-4F1A-AE15-290B544126A7}"
EndProject
Project("{9A19103F-16F7-4668-BE54-9A1E7A4F7556}") = "Wator.MPI", "src\Wator.MPI\Wator.MPI.csproj", "{7DBFC132-4F72-49C9-815D-81F472899393}"
EndProject
Project("{9A19103F-16F7-4668-BE54-9A1E7A4F7556}") = "Wator.MPI.Tests", "test\Wator.MPI.Tests\Wator.MPI.Tests.csproj", "{1414952E-DB81-4C78-957F-672092F853FB}"
EndProject
Project("{9A19103F-16F7-4668-BE54-9A1E7A4F7556}") = "Wator.Core", "src\Wator.Core\Wator.Core.csproj", "{D1639FC0-472D-4D23-AAEC-613F2EBE3239}"
EndProject
Project("{9A19103F-16F7-4668-BE54-9A1E7A4F7556}") = "Wator.Core.Tests", "test\Wator.Core.Tests\Wator.Core.Tests.csproj", "{21A2B71C-DA60-4C7A-8364-1E86B7B2180B}"
EndProject
Project("{9A19103F-16F7-4668-BE54-9A1E7A4F7556}") = "Wator.Console", "Wator.Console\Wator.Console.csproj", "{208033C9-2B7E-4152-9111-59F82D70C9F3}"
EndProject
Project("{FAE04EC0-301F-11D3-BF4B-00C04F79EFBC}") = "Wator.Multithreading", "src\Wator.Multithreading\Wator.Multithreading\Wator.Multithreading.csproj", "{CA6DE4A7-07DC-4C78-8E26-2592B2E43163}"
EndProject
Global
	GlobalSection(SolutionConfigurationPlatforms) = preSolution
		Debug|Any CPU = Debug|Any CPU
		Release|Any CPU = Release|Any CPU
	EndGlobalSection
	GlobalSection(ProjectConfigurationPlatforms) = postSolution
		{7DBFC132-4F72-49C9-815D-81F472899393}.Debug|Any CPU.ActiveCfg = Debug|Any CPU
		{7DBFC132-4F72-49C9-815D-81F472899393}.Debug|Any CPU.Build.0 = Debug|Any CPU
		{7DBFC132-4F72-49C9-815D-81F472899393}.Release|Any CPU.ActiveCfg = Release|Any CPU
		{7DBFC132-4F72-49C9-815D-81F472899393}.Release|Any CPU.Build.0 = Release|Any CPU
		{1414952E-DB81-4C78-957F-672092F853FB}.Debug|Any CPU.ActiveCfg = Debug|Any CPU
		{1414952E-DB81-4C78-957F-672092F853FB}.Debug|Any CPU.Build.0 = Debug|Any CPU
		{1414952E-DB81-4C78-957F-672092F853FB}.Release|Any CPU.ActiveCfg = Release|Any CPU
		{1414952E-DB81-4C78-957F-672092F853FB}.Release|Any CPU.Build.0 = Release|Any CPU
		{D1639FC0-472D-4D23-AAEC-613F2EBE3239}.Debug|Any CPU.ActiveCfg = Debug|Any CPU
		{D1639FC0-472D-4D23-AAEC-613F2EBE3239}.Debug|Any CPU.Build.0 = Debug|Any CPU
		{D1639FC0-472D-4D23-AAEC-613F2EBE3239}.Release|Any CPU.ActiveCfg = Release|Any CPU
		{D1639FC0-472D-4D23-AAEC-613F2EBE3239}.Release|Any CPU.Build.0 = Release|Any CPU
		{21A2B71C-DA60-4C7A-8364-1E86B7B2180B}.Debug|Any CPU.ActiveCfg = Debug|Any CPU
		{21A2B71C-DA60-4C7A-8364-1E86B7B2180B}.Debug|Any CPU.Build.0 = Debug|Any CPU
		{21A2B71C-DA60-4C7A-8364-1E86B7B2180B}.Release|Any CPU.ActiveCfg = Release|Any CPU
		{21A2B71C-DA60-4C7A-8364-1E86B7B2180B}.Release|Any CPU.Build.0 = Release|Any CPU
		{208033C9-2B7E-4152-9111-59F82D70C9F3}.Debug|Any CPU.ActiveCfg = Debug|Any CPU
		{208033C9-2B7E-4152-9111-59F82D70C9F3}.Debug|Any CPU.Build.0 = Debug|Any CPU
		{208033C9-2B7E-4152-9111-59F82D70C9F3}.Release|Any CPU.ActiveCfg = Release|Any CPU
		{208033C9-2B7E-4152-9111-59F82D70C9F3}.Release|Any CPU.Build.0 = Release|Any CPU
		{CA6DE4A7-07DC-4C78-8E26-2592B2E43163}.Debug|Any CPU.ActiveCfg = Debug|Any CPU
		{CA6DE4A7-07DC-4C78-8E26-2592B2E43163}.Debug|Any CPU.Build.0 = Debug|Any CPU
		{CA6DE4A7-07DC-4C78-8E26-2592B2E43163}.Release|Any CPU.ActiveCfg = Release|Any CPU
		{CA6DE4A7-07DC-4C78-8E26-2592B2E43163}.Release|Any CPU.Build.0 = Release|Any CPU
	EndGlobalSection
	GlobalSection(SolutionProperties) = preSolution
		HideSolutionNode = FALSE
	EndGlobalSection
	GlobalSection(NestedProjects) = preSolution
		{7DBFC132-4F72-49C9-815D-81F472899393} = {B722BF73-7CE5-4608-9487-64E9077150FA}
		{1414952E-DB81-4C78-957F-672092F853FB} = {DB88713F-1950-4F1A-AE15-290B544126A7}
		{D1639FC0-472D-4D23-AAEC-613F2EBE3239} = {B722BF73-7CE5-4608-9487-64E9077150FA}
		{21A2B71C-DA60-4C7A-8364-1E86B7B2180B} = {DB88713F-1950-4F1A-AE15-290B544126A7}
		{208033C9-2B7E-4152-9111-59F82D70C9F3} = {B722BF73-7CE5-4608-9487-64E9077150FA}
		{CA6DE4A7-07DC-4C78-8E26-2592B2E43163} = {B722BF73-7CE5-4608-9487-64E9077150FA}
	EndGlobalSection
	GlobalSection(ExtensibilityGlobals) = postSolution
		SolutionGuid = {17CFAE18-E650-49AA-90C6-139D32505EB0}
	EndGlobalSection
EndGlobal
